
Microsoft Visual Studio Solution File, Format Version 12.00
# Visual Studio Version 16
VisualStudioVersion = 16.0.29209.62
MinimumVisualStudioVersion = 10.0.40219.1
Project("{9092AA53-FB77-4645-B42D-1CCCA6BD08BD}") = "Lab1_RenatoCabrera_1010617", "Lab1_RenatoCabrera_1010617\Lab1_RenatoCabrera_1010617.njsproj", "{AFB09F9F-45F4-4681-BE71-9DABAE6E15FC}"
EndProject
Global
	GlobalSection(SolutionConfigurationPlatforms) = preSolution
		Debug|Any CPU = Debug|Any CPU
		Release|Any CPU = Release|Any CPU
	EndGlobalSection
	GlobalSection(ProjectConfigurationPlatforms) = postSolution
		{AFB09F9F-45F4-4681-BE71-9DABAE6E15FC}.Debug|Any CPU.ActiveCfg = Debug|Any CPU
		{AFB09F9F-45F4-4681-BE71-9DABAE6E15FC}.Debug|Any CPU.Build.0 = Debug|Any CPU
		{AFB09F9F-45F4-4681-BE71-9DABAE6E15FC}.Release|Any CPU.ActiveCfg = Release|Any CPU
		{AFB09F9F-45F4-4681-BE71-9DABAE6E15FC}.Release|Any CPU.Build.0 = Release|Any CPU
	EndGlobalSection
	GlobalSection(SolutionProperties) = preSolution
		HideSolutionNode = FALSE
	EndGlobalSection
	GlobalSection(ExtensibilityGlobals) = postSolution
		SolutionGuid = {089E0D7E-E909-4A08-B550-E85C86A60030}
	EndGlobalSection
EndGlobal
